
Microsoft Visual Studio Solution File, Format Version 12.00
# Visual Studio Version 17
VisualStudioVersion = 17.13.35931.197
MinimumVisualStudioVersion = 10.0.40219.1
Project("{2150E333-8FDC-42A3-9474-1A3956D46DE8}") = "BuildingBlocks", "BuildingBlocks", "{02EA681E-C7D8-13C7-8484-4AC65E1B71E8}"
EndProject
Project("{FAE04EC0-301F-11D3-BF4B-00C04F79EFBC}") = "BuildingBlocks", "BuildingBlocks\BuildingBlocks\BuildingBlocks.csproj", "{64DAC2E9-E3A4-498E-A5BD-D2A08D066152}"
EndProject
Project("{2150E333-8FDC-42A3-9474-1A3956D46DE8}") = "Services", "Services", "{8EDFB681-0257-4BB4-A35B-8544924DF88D}"
EndProject
Project("{2150E333-8FDC-42A3-9474-1A3956D46DE8}") = "UserManagement", "UserManagement", "{1D2CBB72-FEE3-4605-B3E3-19CC351BC714}"
EndProject
Project("{FAE04EC0-301F-11D3-BF4B-00C04F79EFBC}") = "UserManagement.API", "Services\UserManagement\UserManagement.API\UserManagement.API.csproj", "{F4F1BD29-0ABA-42DB-8ADE-EF0F7944DA73}"
EndProject
Project("{2150E333-8FDC-42A3-9474-1A3956D46DE8}") = "Flight", "Flight", "{232EC95F-442D-48CF-8C54-DDA1924C97E9}"
EndProject
Project("{2150E333-8FDC-42A3-9474-1A3956D46DE8}") = "WalletPayment", "WalletPayment", "{9E5A35BA-2C9C-4984-85CC-40E7885B8555}"
EndProject
Project("{2150E333-8FDC-42A3-9474-1A3956D46DE8}") = "SMS", "SMS", "{313865E4-0DB4-4EBE-8410-75DCC8137AED}"
EndProject
Project("{FAE04EC0-301F-11D3-BF4B-00C04F79EFBC}") = "SMS.API", "Services\SMS\SMS.API\SMS.API.csproj", "{778AC49F-F56F-88FA-4A61-D9C576461459}"
EndProject
Project("{2150E333-8FDC-42A3-9474-1A3956D46DE8}") = "BuildingBlocks.Messaging", "BuildingBlocks.Messaging", "{43CFDBAC-D7E0-4201-887A-9951C44D19A5}"
EndProject
Project("{FAE04EC0-301F-11D3-BF4B-00C04F79EFBC}") = "BuildingBlocks.Messaging", "BuildingBlocks.Messaging\BuildingBlocks.Messaging\BuildingBlocks.Messaging.csproj", "{F0325147-445F-4B52-BF41-E3D1A07D9B7B}"
EndProject
Project("{2150E333-8FDC-42A3-9474-1A3956D46DE8}") = "Core", "Core", "{41F6B437-7556-494C-BD6B-DE1D961AC191}"
EndProject
Project("{2150E333-8FDC-42A3-9474-1A3956D46DE8}") = "Infrastructure", "Infrastructure", "{0A966B14-EC04-428E-8CAF-B788E2561F2E}"
EndProject
Project("{2150E333-8FDC-42A3-9474-1A3956D46DE8}") = "API", "API", "{13FB30AA-778C-44CC-8A82-C616007F10AF}"
EndProject
Project("{FAE04EC0-301F-11D3-BF4B-00C04F79EFBC}") = "WalletPayment.Domain", "Services\WalletPayment\Core\Domain\WalletPayment.Domain.csproj", "{5E0AEAAD-2500-4270-B8EE-FA1A334C372C}"
EndProject
Project("{FAE04EC0-301F-11D3-BF4B-00C04F79EFBC}") = "WalletPayment.Application", "Services\WalletPayment\Core\Application\WalletPayment.Application.csproj", "{E351D1C3-01EA-445F-9A9A-BAE04FF4CA79}"
EndProject
Project("{FAE04EC0-301F-11D3-BF4B-00C04F79EFBC}") = "WalletPayment.Infrastructure", "Services\WalletPayment\Infrastructure\WalletPayment.Infrastructure.csproj", "{3707904A-17A2-41D2-B332-06561F0BEDD4}"
EndProject
Project("{FAE04EC0-301F-11D3-BF4B-00C04F79EFBC}") = "WalletPayment.API", "Services\WalletPayment\API\WalletPayment.API\WalletPayment.API.csproj", "{50043594-E6AB-AF98-7F70-E44789F015E3}"
EndProject
Global
	GlobalSection(SolutionConfigurationPlatforms) = preSolution
		Debug|Any CPU = Debug|Any CPU
		Release|Any CPU = Release|Any CPU
	EndGlobalSection
	GlobalSection(ProjectConfigurationPlatforms) = postSolution
		{64DAC2E9-E3A4-498E-A5BD-D2A08D066152}.Debug|Any CPU.ActiveCfg = Debug|Any CPU
		{64DAC2E9-E3A4-498E-A5BD-D2A08D066152}.Debug|Any CPU.Build.0 = Debug|Any CPU
		{64DAC2E9-E3A4-498E-A5BD-D2A08D066152}.Release|Any CPU.ActiveCfg = Release|Any CPU
		{64DAC2E9-E3A4-498E-A5BD-D2A08D066152}.Release|Any CPU.Build.0 = Release|Any CPU
		{F4F1BD29-0ABA-42DB-8ADE-EF0F7944DA73}.Debug|Any CPU.ActiveCfg = Debug|Any CPU
		{F4F1BD29-0ABA-42DB-8ADE-EF0F7944DA73}.Debug|Any CPU.Build.0 = Debug|Any CPU
		{F4F1BD29-0ABA-42DB-8ADE-EF0F7944DA73}.Release|Any CPU.ActiveCfg = Release|Any CPU
		{F4F1BD29-0ABA-42DB-8ADE-EF0F7944DA73}.Release|Any CPU.Build.0 = Release|Any CPU
		{778AC49F-F56F-88FA-4A61-D9C576461459}.Debug|Any CPU.ActiveCfg = Debug|Any CPU
		{778AC49F-F56F-88FA-4A61-D9C576461459}.Debug|Any CPU.Build.0 = Debug|Any CPU
		{778AC49F-F56F-88FA-4A61-D9C576461459}.Release|Any CPU.ActiveCfg = Release|Any CPU
		{778AC49F-F56F-88FA-4A61-D9C576461459}.Release|Any CPU.Build.0 = Release|Any CPU
		{F0325147-445F-4B52-BF41-E3D1A07D9B7B}.Debug|Any CPU.ActiveCfg = Debug|Any CPU
		{F0325147-445F-4B52-BF41-E3D1A07D9B7B}.Debug|Any CPU.Build.0 = Debug|Any CPU
		{F0325147-445F-4B52-BF41-E3D1A07D9B7B}.Release|Any CPU.ActiveCfg = Release|Any CPU
		{F0325147-445F-4B52-BF41-E3D1A07D9B7B}.Release|Any CPU.Build.0 = Release|Any CPU
		{5E0AEAAD-2500-4270-B8EE-FA1A334C372C}.Debug|Any CPU.ActiveCfg = Debug|Any CPU
		{5E0AEAAD-2500-4270-B8EE-FA1A334C372C}.Debug|Any CPU.Build.0 = Debug|Any CPU
		{5E0AEAAD-2500-4270-B8EE-FA1A334C372C}.Release|Any CPU.ActiveCfg = Release|Any CPU
		{5E0AEAAD-2500-4270-B8EE-FA1A334C372C}.Release|Any CPU.Build.0 = Release|Any CPU
		{E351D1C3-01EA-445F-9A9A-BAE04FF4CA79}.Debug|Any CPU.ActiveCfg = Debug|Any CPU
		{E351D1C3-01EA-445F-9A9A-BAE04FF4CA79}.Debug|Any CPU.Build.0 = Debug|Any CPU
		{E351D1C3-01EA-445F-9A9A-BAE04FF4CA79}.Release|Any CPU.ActiveCfg = Release|Any CPU
		{E351D1C3-01EA-445F-9A9A-BAE04FF4CA79}.Release|Any CPU.Build.0 = Release|Any CPU
		{3707904A-17A2-41D2-B332-06561F0BEDD4}.Debug|Any CPU.ActiveCfg = Debug|Any CPU
		{3707904A-17A2-41D2-B332-06561F0BEDD4}.Debug|Any CPU.Build.0 = Debug|Any CPU
		{3707904A-17A2-41D2-B332-06561F0BEDD4}.Release|Any CPU.ActiveCfg = Release|Any CPU
		{3707904A-17A2-41D2-B332-06561F0BEDD4}.Release|Any CPU.Build.0 = Release|Any CPU
		{50043594-E6AB-AF98-7F70-E44789F015E3}.Debug|Any CPU.ActiveCfg = Debug|Any CPU
		{50043594-E6AB-AF98-7F70-E44789F015E3}.Debug|Any CPU.Build.0 = Debug|Any CPU
		{50043594-E6AB-AF98-7F70-E44789F015E3}.Release|Any CPU.ActiveCfg = Release|Any CPU
		{50043594-E6AB-AF98-7F70-E44789F015E3}.Release|Any CPU.Build.0 = Release|Any CPU
	EndGlobalSection
	GlobalSection(SolutionProperties) = preSolution
		HideSolutionNode = FALSE
	EndGlobalSection
	GlobalSection(NestedProjects) = preSolution
		{64DAC2E9-E3A4-498E-A5BD-D2A08D066152} = {02EA681E-C7D8-13C7-8484-4AC65E1B71E8}
		{1D2CBB72-FEE3-4605-B3E3-19CC351BC714} = {8EDFB681-0257-4BB4-A35B-8544924DF88D}
		{F4F1BD29-0ABA-42DB-8ADE-EF0F7944DA73} = {1D2CBB72-FEE3-4605-B3E3-19CC351BC714}
		{232EC95F-442D-48CF-8C54-DDA1924C97E9} = {8EDFB681-0257-4BB4-A35B-8544924DF88D}
		{9E5A35BA-2C9C-4984-85CC-40E7885B8555} = {8EDFB681-0257-4BB4-A35B-8544924DF88D}
		{313865E4-0DB4-4EBE-8410-75DCC8137AED} = {8EDFB681-0257-4BB4-A35B-8544924DF88D}
		{778AC49F-F56F-88FA-4A61-D9C576461459} = {313865E4-0DB4-4EBE-8410-75DCC8137AED}
		{F0325147-445F-4B52-BF41-E3D1A07D9B7B} = {43CFDBAC-D7E0-4201-887A-9951C44D19A5}
		{41F6B437-7556-494C-BD6B-DE1D961AC191} = {9E5A35BA-2C9C-4984-85CC-40E7885B8555}
		{0A966B14-EC04-428E-8CAF-B788E2561F2E} = {9E5A35BA-2C9C-4984-85CC-40E7885B8555}
		{13FB30AA-778C-44CC-8A82-C616007F10AF} = {9E5A35BA-2C9C-4984-85CC-40E7885B8555}
		{5E0AEAAD-2500-4270-B8EE-FA1A334C372C} = {41F6B437-7556-494C-BD6B-DE1D961AC191}
		{E351D1C3-01EA-445F-9A9A-BAE04FF4CA79} = {41F6B437-7556-494C-BD6B-DE1D961AC191}
		{3707904A-17A2-41D2-B332-06561F0BEDD4} = {0A966B14-EC04-428E-8CAF-B788E2561F2E}
		{50043594-E6AB-AF98-7F70-E44789F015E3} = {13FB30AA-778C-44CC-8A82-C616007F10AF}
	EndGlobalSection
	GlobalSection(ExtensibilityGlobals) = postSolution
		SolutionGuid = {1271070C-8769-456A-9AD8-6E6C630CADC8}
	EndGlobalSection
EndGlobal
